github.com/NoahOrberg/nimvle.nvim v0.0.0-20181108082017-677e9c47cdb3 h1:IiZR+oCKVIxn9f5NzoqFDPQ69Z9kF/RlZMrNU1TniHM=
github.com/NoahOrberg/nimvle.nvim v0.0.0-20181108082017-677e9c47cdb3/go.mod h1:uZlJji/UuLQSsDTYZqvNKTVU/EkChYDrw5BowbmskQM=
github.com/kelseyhightower/envconfig v1.3.0 h1:IvRS4f2VcIQy6j4ORGIf9145T/AsUB+oY8LyvN8BXNM=
github.com/kelseyhightower/envconfig v1.3.0/go.mod h1:cccZRl6mQpaq41TPp5QxidR+Sa3axMbJDNb//FQX6Gg=
github.com/neovim/go-client v0.0.0-20190306211348-177c72b37553 h1:617iqmUCMgJA82BsyJsH3MS+5GakxpzA4MgprR0NJSA=
github.com/neovim/go-client v0.0.0-20190306211348-177c72b37553/go.mod h1:cHx8fl6EhCgSA/pyKeVtyl3o6UzgE31ADtc+bx3JpKg=
